{
    "_readme": [
        "This file locks the dependencies of your project to a known state",
        "Read more about it at https://getcomposer.org/doc/01-basic-usage.md#composer-lock-the-lock-file",
        "This file is @generated automatically"
    ],
    "hash": "ab50d1e7586155f44bbacfde59cb8492",
    "content-hash": "fc6d0839e0f0fe26197aef9a6696cab6",
    "packages": [
        {
            "name": "codeigniter/framework",
            "version": "3.1.6",
            "source": {
                "type": "git",
                "url": "https://github.com/bcit-ci/CodeIgniter.git",
                "reference": "7e4f63cd4b792e7dc2dc4b8b0183a6072a3f9462"
            },
            "dist": {
                "type": "zip",
                "url": "https://api.github.com/repos/bcit-ci/CodeIgniter/zipball/7e4f63cd4b792e7dc2dc4b8b0183a6072a3f9462",
                "reference": "7e4f63cd4b792e7dc2dc4b8b0183a6072a3f9462",
                "shasum": ""
            },
            "require": {
                "php": ">=5.3.7"
            },
            "require-dev": {
                "mikey179/vfsstream": "1.1.*",
                "phpunit/phpunit": "4.* || 5.*"
            },
            "suggest": {
                "paragonie/random_compat": "Provides better randomness in PHP 5.x"
            },
            "type": "project",
            "notification-url": "https://packagist.org/downloads/",
            "license": [
                "MIT"
            ],
            "description": "The CodeIgniter framework",
            "homepage": "https://codeigniter.com",
            "time": "2017-09-25 16:43:58"
        },
        {
            "name": "hybridauth/hybridauth",
            "version": "v3.0.0-rc.1",
            "source": {
                "type": "git",
                "url": "https://github.com/hybridauth/hybridauth.git",
                "reference": "b42b10249f098304cec6bf71a4fa796dbe2e729d"
            },
            "dist": {
                "type": "zip",
                "url": "https://api.github.com/repos/hybridauth/hybridauth/zipball/b42b10249f098304cec6bf71a4fa796dbe2e729d",
                "reference": "b42b10249f098304cec6bf71a4fa796dbe2e729d",
                "shasum": ""
            },
            "require": {
                "php": ">=5.4.0"
            },
            "require-dev": {
                "ext-curl": "*",
                "phpunit/phpunit": "~4.1"
            },
            "type": "library",
            "extra": {
                "branch-alias": {
                    "dev-master": "3.0-dev"
                }
            },
            "autoload": {
                "psr-4": {
                    "Hybridauth\\": "src/"
                }
            },
            "notification-url": "https://packagist.org/downloads/",
            "license": [
                "MIT"
            ],
            "authors": [
                {
                    "name": "Miled",
                    "email": "hybridauth@gmail.com"
                }
            ],
            "description": "PHP Social Authentication Library",
            "homepage": "https://hybridauth.github.io",
            "keywords": [
                "Authentication",
                "OpenId",
                "api",
                "authorization",
                "facebook",
                "google",
                "oauth",
                "social",
                "twitter"
            ],
            "time": "2018-01-06 20:48:05"
        },
        {
            "name": "zendframework/zend-ldap",
            "version": "dev-master",
            "source": {
                "type": "git",
                "url": "https://github.com/zendframework/zend-ldap.git",
                "reference": "0234654ce6c300d3e59f7ce752d2895a7e6e673a"
            },
            "dist": {
                "type": "zip",
                "url": "https://api.github.com/repos/zendframework/zend-ldap/zipball/0234654ce6c300d3e59f7ce752d2895a7e6e673a",
                "reference": "0234654ce6c300d3e59f7ce752d2895a7e6e673a",
                "shasum": ""
            },
            "require": {
                "ext-ldap": "*",
                "php": "^5.5 || ^7.0"
            },
            "require-dev": {
                "php-mock/php-mock-phpunit": "~0.3",
                "phpunit/phpunit": "^4.6",
                "zendframework/zend-coding-standard": "~1.0.0",
                "zendframework/zend-config": "^2.5",
                "zendframework/zend-eventmanager": "^2.6.3 || ^3.0.1",
                "zendframework/zend-stdlib": "^2.7 || ^3.0"
            },
            "suggest": {
                "zendframework/zend-eventmanager": "Zend\\EventManager component"
            },
            "type": "library",
            "extra": {
                "branch-alias": {
                    "dev-master": "2.8-dev",
                    "dev-develop": "2.9-dev"
                }
            },
            "autoload": {
                "psr-4": {
                    "Zend\\Ldap\\": "src/"
                }
            },
            "notification-url": "https://packagist.org/downloads/",
            "license": [
                "BSD-3-Clause"
            ],
            "description": "provides support for LDAP operations including but not limited to binding, searching and modifying entries in an LDAP directory",
            "homepage": "https://github.com/zendframework/zend-ldap",
            "keywords": [
                "ldap",
                "zf2"
            ],
            "time": "2017-09-27 07:01:58"
        }
    ],
    "packages-dev": [],
    "aliases": [],
    "minimum-stability": "stable",
    "stability-flags": {
        "hybridauth/hybridauth": 5,
        "zendframework/zend-ldap": 20
    },
    "prefer-stable": false,
    "prefer-lowest": false,
    "platform": [],
    "platform-dev": []
}
